// !$*UTF8*$!
{
	archiveVersion = 1;
	classes = {
	};
	objectVersion = 50;
	objects = {

/* Begin PBXBuildFile section */
		26F35C8022226EB700FF82A2 /* AppDelegate.swift in Sources */ = {isa = PBXBuildFile; fileRef = 26F35C7F22226EB700FF82A2 /* AppDelegate.swift */; };
		26F35C8222226EB700FF82A2 /* ViewController.swift in Sources */ = {isa = PBXBuildFile; fileRef = 26F35C8122226EB700FF82A2 /* ViewController.swift */; };
		26F35C8522226EB700FF82A2 /* Main.storyboard in Resources */ = {isa = PBXBuildFile; fileRef = 26F35C8322226EB700FF82A2 /* Main.storyboard */; };
		26F35C8722226EB900FF82A2 /* Assets.xcassets in Resources */ = {isa = PBXBuildFile; fileRef = 26F35C8622226EB900FF82A2 /* Assets.xcassets */; };
		26F35C8A22226EB900FF82A2 /* LaunchScreen.storyboard in Resources */ = {isa = PBXBuildFile; fileRef = 26F35C8822226EB900FF82A2 /* LaunchScreen.storyboard */; };
		26F35C9522226EB900FF82A2 /* DeliveryDetailsTests.swift in Sources */ = {isa = PBXBuildFile; fileRef = 26F35C9422226EB900FF82A2 /* DeliveryDetailsTests.swift */; };
		26F35CA022226EB900FF82A2 /* DeliveryDetailsUITests.swift in Sources */ = {isa = PBXBuildFile; fileRef = 26F35C9F22226EB900FF82A2 /* DeliveryDetailsUITests.swift */; };
		37F0D14BEB05A4F5865D1F41 /* Pods_DeliveryDetails.framework in Frameworks */ = {isa = PBXBuildFile; fileRef = B15BEF1FF6B7262840251ECC /* Pods_DeliveryDetails.framework */; };
		7CFCC06A8BE41D93C7C11DD3 /* Pods_DeliveryDetailsUITests.framework in Frameworks */ = {isa = PBXBuildFile; fileRef = 0C5056FCAF4241528390EE3F /* Pods_DeliveryDetailsUITests.framework */; };
		D6317A39F4566FBAB799959C /* Pods_DeliveryDetailsTests.framework in Frameworks */ = {isa = PBXBuildFile; fileRef = 5C55A5EE22714E9E0CA31F5E /* Pods_DeliveryDetailsTests.framework */; };
/* End PBXBuildFile section */

/* Begin PBXContainerItemProxy section */
		26F35C9122226EB900FF82A2 /* PBXContainerItemProxy */ = {
			isa = PBXContainerItemProxy;
			containerPortal = 26F35C7422226EB700FF82A2 /* Project object */;
			proxyType = 1;
			remoteGlobalIDString = 26F35C7B22226EB700FF82A2;
			remoteInfo = DeliveryDetails;
		};
		26F35C9C22226EB900FF82A2 /* PBXContainerItemProxy */ = {
			isa = PBXContainerItemProxy;
			containerPortal = 26F35C7422226EB700FF82A2 /* Project object */;
			proxyType = 1;
			remoteGlobalIDString = 26F35C7B22226EB700FF82A2;
			remoteInfo = DeliveryDetails;
		};
/* End PBXContainerItemProxy section */

/* Begin PBXFileReference section */
		0C5056FCAF4241528390EE3F /* Pods_DeliveryDetailsUITests.framework */ = {isa = PBXFileReference; explicitFileType = wrapper.framework; includeInIndex = 0; path = Pods_DeliveryDetailsUITests.framework; sourceTree = BUILT_PRODUCTS_DIR; };
		0D475B239EDAC550DBAB3711 /* Pods-DeliveryDetailsTests.debug.xcconfig */ = {isa = PBXFileReference; includeInIndex = 1; lastKnownFileType = text.xcconfig; name = "Pods-DeliveryDetailsTests.debug.xcconfig"; path = "Pods/Target Support Files/Pods-DeliveryDetailsTests/Pods-DeliveryDetailsTests.debug.xcconfig"; sourceTree = "<group>"; };
		26F35C7C22226EB700FF82A2 /* DeliveryDetails.app */ = {isa = PBXFileReference; explicitFileType = wrapper.application; includeInIndex = 0; path = DeliveryDetails.app; sourceTree = BUILT_PRODUCTS_DIR; };
		26F35C7F22226EB700FF82A2 /* AppDelegate.swift */ = {isa = PBXFileReference; lastKnownFileType = sourcecode.swift; path = AppDelegate.swift; sourceTree = "<group>"; };
		26F35C8122226EB700FF82A2 /* ViewController.swift */ = {isa = PBXFileReference; lastKnownFileType = sourcecode.swift; path = ViewController.swift; sourceTree = "<group>"; };
		26F35C8422226EB700FF82A2 /* Base */ = {isa = PBXFileReference; lastKnownFileType = file.storyboard; name = Base; path = Base.lproj/Main.storyboard; sourceTree = "<group>"; };
		26F35C8622226EB900FF82A2 /* Assets.xcassets */ = {isa = PBXFileReference; lastKnownFileType = folder.assetcatalog; path = Assets.xcassets; sourceTree = "<group>"; };
		26F35C8922226EB900FF82A2 /* Base */ = {isa = PBXFileReference; lastKnownFileType = file.storyboard; name = Base; path = Base.lproj/LaunchScreen.storyboard; sourceTree = "<group>"; };
		26F35C8B22226EB900FF82A2 /* Info.plist */ = {isa = PBXFileReference; lastKnownFileType = text.plist.xml; path = Info.plist; sourceTree = "<group>"; };
		26F35C9022226EB900FF82A2 /* DeliveryDetailsTests.xctest */ = {isa = PBXFileReference; explicitFileType = wrapper.cfbundle; includeInIndex = 0; path = DeliveryDetailsTests.xctest; sourceTree = BUILT_PRODUCTS_DIR; };
		26F35C9422226EB900FF82A2 /* DeliveryDetailsTests.swift */ = {isa = PBXFileReference; lastKnownFileType = sourcecode.swift; path = DeliveryDetailsTests.swift; sourceTree = "<group>"; };
		26F35C9622226EB900FF82A2 /* Info.plist */ = {isa = PBXFileReference; lastKnownFileType = text.plist.xml; path = Info.plist; sourceTree = "<group>"; };
		26F35C9B22226EB900FF82A2 /* DeliveryDetailsUITests.xctest */ = {isa = PBXFileReference; explicitFileType = wrapper.cfbundle; includeInIndex = 0; path = DeliveryDetailsUITests.xctest; sourceTree = BUILT_PRODUCTS_DIR; };
		26F35C9F22226EB900FF82A2 /* DeliveryDetailsUITests.swift */ = {isa = PBXFileReference; lastKnownFileType = sourcecode.swift; path = DeliveryDetailsUITests.swift; sourceTree = "<group>"; };
		26F35CA122226EB900FF82A2 /* Info.plist */ = {isa = PBXFileReference; lastKnownFileType = text.plist.xml; path = Info.plist; sourceTree = "<group>"; };
		47ED3BAA12804E2E5DF0D84D /* Pods-DeliveryDetailsUITests.release.xcconfig */ = {isa = PBXFileReference; includeInIndex = 1; lastKnownFileType = text.xcconfig; name = "Pods-DeliveryDetailsUITests.release.xcconfig"; path = "Pods/Target Support Files/Pods-DeliveryDetailsUITests/Pods-DeliveryDetailsUITests.release.xcconfig"; sourceTree = "<group>"; };
		5C55A5EE22714E9E0CA31F5E /* Pods_DeliveryDetailsTests.framework */ = {isa = PBXFileReference; explicitFileType = wrapper.framework; includeInIndex = 0; path = Pods_DeliveryDetailsTests.framework; sourceTree = BUILT_PRODUCTS_DIR; };
		6F00632859A6259FE902C806 /* Pods-DeliveryDetails.debug.xcconfig */ = {isa = PBXFileReference; includeInIndex = 1; lastKnownFileType = text.xcconfig; name = "Pods-DeliveryDetails.debug.xcconfig"; path = "Pods/Target Support Files/Pods-DeliveryDetails/Pods-DeliveryDetails.debug.xcconfig"; sourceTree = "<group>"; };
		B15BEF1FF6B7262840251ECC /* Pods_DeliveryDetails.framework */ = {isa = PBXFileReference; explicitFileType = wrapper.framework; includeInIndex = 0; path = Pods_DeliveryDetails.framework; sourceTree = BUILT_PRODUCTS_DIR; };
		DD075EE40584ED6F063D9E61 /* Pods-DeliveryDetailsTests.release.xcconfig */ = {isa = PBXFileReference; includeInIndex = 1; lastKnownFileType = text.xcconfig; name = "Pods-DeliveryDetailsTests.release.xcconfig"; path = "Pods/Target Support Files/Pods-DeliveryDetailsTests/Pods-DeliveryDetailsTests.release.xcconfig"; sourceTree = "<group>"; };
		F083610056BA49B14EA9ECE8 /* Pods-DeliveryDetailsUITests.debug.xcconfig */ = {isa = PBXFileReference; includeInIndex = 1; lastKnownFileType = text.xcconfig; name = "Pods-DeliveryDetailsUITests.debug.xcconfig"; path = "Pods/Target Support Files/Pods-DeliveryDetailsUITests/Pods-DeliveryDetailsUITests.debug.xcconfig"; sourceTree = "<group>"; };
		FEE6D5637D4D0A92C1ED2CC4 /* Pods-DeliveryDetails.release.xcconfig */ = {isa = PBXFileReference; includeInIndex = 1; lastKnownFileType = text.xcconfig; name = "Pods-DeliveryDetails.release.xcconfig"; path = "Pods/Target Support Files/Pods-DeliveryDetails/Pods-DeliveryDetails.release.xcconfig"; sourceTree = "<group>"; };
/* End PBXFileReference section */

/* Begin PBXFrameworksBuildPhase section */
		26F35C7922226EB700FF82A2 /* Frameworks */ = {
			isa = PBXFrameworksBuildPhase;
			buildActionMask = 2147483647;
			files = (
				37F0D14BEB05A4F5865D1F41 /* Pods_DeliveryDetails.framework in Frameworks */,
			);
			runOnlyForDeploymentPostprocessing = 0;
		};
		26F35C8D22226EB900FF82A2 /* Frameworks */ = {
			isa = PBXFrameworksBuildPhase;
			buildActionMask = 2147483647;
			files = (
				D6317A39F4566FBAB799959C /* Pods_DeliveryDetailsTests.framework in Frameworks */,
			);
			runOnlyForDeploymentPostprocessing = 0;
		};
		26F35C9822226EB900FF82A2 /* Frameworks */ = {
			isa = PBXFrameworksBuildPhase;
			buildActionMask = 2147483647;
			files = (
				7CFCC06A8BE41D93C7C11DD3 /* Pods_DeliveryDetailsUITests.framework in Frameworks */,
			);
			runOnlyForDeploymentPostprocessing = 0;
		};
/* End PBXFrameworksBuildPhase section */

/* Begin PBXGroup section */
		26F35C7322226EB700FF82A2 = {
			isa = PBXGroup;
			children = (
				26F35C7E22226EB700FF82A2 /* DeliveryDetails */,
				26F35C9322226EB900FF82A2 /* DeliveryDetailsTests */,
				26F35C9E22226EB900FF82A2 /* DeliveryDetailsUITests */,
				26F35C7D22226EB700FF82A2 /* Products */,
				A1715E004D81517A94C0B23C /* Pods */,
				5F56E4253D8EEA558561C859 /* Frameworks */,
			);
			sourceTree = "<group>";
		};
		26F35C7D22226EB700FF82A2 /* Products */ = {
			isa = PBXGroup;
			children = (
				26F35C7C22226EB700FF82A2 /* DeliveryDetails.app */,
				26F35C9022226EB900FF82A2 /* DeliveryDetailsTests.xctest */,
				26F35C9B22226EB900FF82A2 /* DeliveryDetailsUITests.xctest */,
			);
			name = Products;
			sourceTree = "<group>";
		};
		26F35C7E22226EB700FF82A2 /* DeliveryDetails */ = {
			isa = PBXGroup;
			children = (
				26F35C7F22226EB700FF82A2 /* AppDelegate.swift */,
				26F35C8122226EB700FF82A2 /* ViewController.swift */,
				26F35C8322226EB700FF82A2 /* Main.storyboard */,
				26F35C8622226EB900FF82A2 /* Assets.xcassets */,
				26F35C8822226EB900FF82A2 /* LaunchScreen.storyboard */,
				26F35C8B22226EB900FF82A2 /* Info.plist */,
			);
			path = DeliveryDetails;
			sourceTree = "<group>";
		};
		26F35C9322226EB900FF82A2 /* DeliveryDetailsTests */ = {
			isa = PBXGroup;
			children = (
				26F35C9422226EB900FF82A2 /* DeliveryDetailsTests.swift */,
				26F35C9622226EB900FF82A2 /* Info.plist */,
			);
			path = DeliveryDetailsTests;
			sourceTree = "<group>";
		};
		26F35C9E22226EB900FF82A2 /* DeliveryDetailsUITests */ = {
			isa = PBXGroup;
			children = (
				26F35C9F22226EB900FF82A2 /* DeliveryDetailsUITests.swift */,
				26F35CA122226EB900FF82A2 /* Info.plist */,
			);
			path = DeliveryDetailsUITests;
			sourceTree = "<group>";
		};
		5F56E4253D8EEA558561C859 /* Frameworks */ = {
			isa = PBXGroup;
			children = (
				B15BEF1FF6B7262840251ECC /* Pods_DeliveryDetails.framework */,
				5C55A5EE22714E9E0CA31F5E /* Pods_DeliveryDetailsTests.framework */,
				0C5056FCAF4241528390EE3F /* Pods_DeliveryDetailsUITests.framework */,
			);
			name = Frameworks;
			sourceTree = "<group>";
		};
		A1715E004D81517A94C0B23C /* Pods */ = {
			isa = PBXGroup;
			children = (
				6F00632859A6259FE902C806 /* Pods-DeliveryDetails.debug.xcconfig */,
				FEE6D5637D4D0A92C1ED2CC4 /* Pods-DeliveryDetails.release.xcconfig */,
				0D475B239EDAC550DBAB3711 /* Pods-DeliveryDetailsTests.debug.xcconfig */,
				DD075EE40584ED6F063D9E61 /* Pods-DeliveryDetailsTests.release.xcconfig */,
				F083610056BA49B14EA9ECE8 /* Pods-DeliveryDetailsUITests.debug.xcconfig */,
				47ED3BAA12804E2E5DF0D84D /* Pods-DeliveryDetailsUITests.release.xcconfig */,
			);
			name = Pods;
			sourceTree = "<group>";
		};
/* End PBXGroup section */

/* Begin PBXNativeTarget section */
		26F35C7B22226EB700FF82A2 /* DeliveryDetails */ = {
			isa = PBXNativeTarget;
			buildConfigurationList = 26F35CA422226EB900FF82A2 /* Build configuration list for PBXNativeTarget "DeliveryDetails" */;
			buildPhases = (
				1F907472D79DCEB950DE78F5 /* [CP] Check Pods Manifest.lock */,
				26F35C7822226EB700FF82A2 /* Sources */,
				26F35C7922226EB700FF82A2 /* Frameworks */,
				26F35C7A22226EB700FF82A2 /* Resources */,
				C71EB4D0A9D5280B28E04DF7 /* [CP] Embed Pods Frameworks */,
				1EF24581B6E53653F2E8BC30 /* [CP] Copy Pods Resources */,
			);
			buildRules = (
			);
			dependencies = (
			);
			name = DeliveryDetails;
			productName = DeliveryDetails;
			productReference = 26F35C7C22226EB700FF82A2 /* DeliveryDetails.app */;
			productType = "com.apple.product-type.application";
		};
		26F35C8F22226EB900FF82A2 /* DeliveryDetailsTests */ = {
			isa = PBXNativeTarget;
			buildConfigurationList = 26F35CA722226EB900FF82A2 /* Build configuration list for PBXNativeTarget "DeliveryDetailsTests" */;
			buildPhases = (
				589D0B4BC7776329B392F843 /* [CP] Check Pods Manifest.lock */,
				26F35C8C22226EB900FF82A2 /* Sources */,
				26F35C8D22226EB900FF82A2 /* Frameworks */,
				26F35C8E22226EB900FF82A2 /* Resources */,
				D0FE13CEDCD8527074BD8D39 /* [CP] Embed Pods Frameworks */,
				99FA47E5BD405254540C1D4F /* [CP] Copy Pods Resources */,
			);
			buildRules = (
			);
			dependencies = (
				26F35C9222226EB900FF82A2 /* PBXTargetDependency */,
			);
			name = DeliveryDetailsTests;
			productName = DeliveryDetailsTests;
			productReference = 26F35C9022226EB900FF82A2 /* DeliveryDetailsTests.xctest */;
			productType = "com.apple.product-type.bundle.unit-test";
		};
		26F35C9A22226EB900FF82A2 /* DeliveryDetailsUITests */ = {
			isa = PBXNativeTarget;
			buildConfigurationList = 26F35CAA22226EB900FF82A2 /* Build configuration list for PBXNativeTarget "DeliveryDetailsUITests" */;
			buildPhases = (
				FDBD6139A12AEFDD20AA9827 /* [CP] Check Pods Manifest.lock */,
				26F35C9722226EB900FF82A2 /* Sources */,
				26F35C9822226EB900FF82A2 /* Frameworks */,
				26F35C9922226EB900FF82A2 /* Resources */,
				A88FDFA792AEA70BA3D4DB03 /* [CP] Embed Pods Frameworks */,
				1E288705B1A42A0AA896D787 /* [CP] Copy Pods Resources */,
			);
			buildRules = (
			);
			dependencies = (
				26F35C9D22226EB900FF82A2 /* PBXTargetDependency */,
			);
			name = DeliveryDetailsUITests;
			productName = DeliveryDetailsUITests;
			productReference = 26F35C9B22226EB900FF82A2 /* DeliveryDetailsUITests.xctest */;
			productType = "com.apple.product-type.bundle.ui-testing";
		};
/* End PBXNativeTarget section */

/* Begin PBXProject section */
		26F35C7422226EB700FF82A2 /* Project object */ = {
			isa = PBXProject;
			attributes = {
				LastSwiftUpdateCheck = 1000;
				LastUpgradeCheck = 1000;
				ORGANIZATIONNAME = "Aatish Molasi";
				TargetAttributes = {
					26F35C7B22226EB700FF82A2 = {
						CreatedOnToolsVersion = 10.0;
					};
					26F35C8F22226EB900FF82A2 = {
						CreatedOnToolsVersion = 10.0;
						TestTargetID = 26F35C7B22226EB700FF82A2;
					};
					26F35C9A22226EB900FF82A2 = {
						CreatedOnToolsVersion = 10.0;
						TestTargetID = 26F35C7B22226EB700FF82A2;
					};
				};
			};
			buildConfigurationList = 26F35C7722226EB700FF82A2 /* Build configuration list for PBXProject "DeliveryDetails" */;
			compatibilityVersion = "Xcode 9.3";
			developmentRegion = en;
			hasScannedForEncodings = 0;
			knownRegions = (
				en,
				Base,
			);
			mainGroup = 26F35C7322226EB700FF82A2;
			productRefGroup = 26F35C7D22226EB700FF82A2 /* Products */;
			projectDirPath = "";
			projectRoot = "";
			targets = (
				26F35C7B22226EB700FF82A2 /* DeliveryDetails */,
				26F35C8F22226EB900FF82A2 /* DeliveryDetailsTests */,
				26F35C9A22226EB900FF82A2 /* DeliveryDetailsUITests */,
			);
		};
/* End PBXProject section */

/* Begin PBXResourcesBuildPhase section */
		26F35C7A22226EB700FF82A2 /* Resources */ = {
			isa = PBXResourcesBuildPhase;
			buildActionMask = 2147483647;
			files = (
				26F35C8A22226EB900FF82A2 /* LaunchScreen.storyboard in Resources */,
				26F35C8722226EB900FF82A2 /* Assets.xcassets in Resources */,
				26F35C8522226EB700FF82A2 /* Main.storyboard in Resources */,
			);
			runOnlyForDeploymentPostprocessing = 0;
		};
		26F35C8E22226EB900FF82A2 /* Resources */ = {
			isa = PBXResourcesBuildPhase;
			buildActionMask = 2147483647;
			files = (
			);
			runOnlyForDeploymentPostprocessing = 0;
		};
		26F35C9922226EB900FF82A2 /* Resources */ = {
			isa = PBXResourcesBuildPhase;
			buildActionMask = 2147483647;
			files = (
			);
			runOnlyForDeploymentPostprocessing = 0;
		};
/* End PBXResourcesBuildPhase section */

/* Begin PBXShellScriptBuildPhase section */
		1E288705B1A42A0AA896D787 /* [CP] Copy Pods Resources */ = {
			isa = PBXShellScriptBuildPhase;
			buildActionMask = 2147483647;
			files = (
			);
			inputPaths = (
			);
			name = "[CP] Copy Pods Resources";
			outputPaths = (
			);
			runOnlyForDeploymentPostprocessing = 0;
			shellPath = /bin/sh;
			shellScript = "\"${SRCROOT}/Pods/Target Support Files/Pods-DeliveryDetailsUITests/Pods-DeliveryDetailsUITests-resources.sh\"\n";
			showEnvVarsInLog = 0;
		};
		1EF24581B6E53653F2E8BC30 /* [CP] Copy Pods Resources */ = {
			isa = PBXShellScriptBuildPhase;
			buildActionMask = 2147483647;
			files = (
			);
			inputPaths = (
			);
			name = "[CP] Copy Pods Resources";
			outputPaths = (
			);
			runOnlyForDeploymentPostprocessing = 0;
			shellPath = /bin/sh;
			shellScript = "\"${SRCROOT}/Pods/Target Support Files/Pods-DeliveryDetails/Pods-DeliveryDetails-resources.sh\"\n";
			showEnvVarsInLog = 0;
		};
		1F907472D79DCEB950DE78F5 /* [CP] Check Pods Manifest.lock */ = {
			isa = PBXShellScriptBuildPhase;
			buildActionMask = 2147483647;
			files = (
			);
			inputPaths = (
				"${PODS_PODFILE_DIR_PATH}/Podfile.lock",
				"${PODS_ROOT}/Manifest.lock",
			);
			name = "[CP] Check Pods Manifest.lock";
			outputPaths = (
				"$(DERIVED_FILE_DIR)/Pods-DeliveryDetails-checkManifestLockResult.txt",
			);
			runOnlyForDeploymentPostprocessing = 0;
			shellPath = /bin/sh;
			shellScript = "diff \"${PODS_PODFILE_DIR_PATH}/Podfile.lock\" \"${PODS_ROOT}/Manifest.lock\" > /dev/null\nif [ $? != 0 ] ; then\n    # print error to STDERR\n    echo \"error: The sandbox is not in sync with the Podfile.lock. Run 'pod install' or update your CocoaPods installation.\" >&2\n    exit 1\nfi\n# This output is used by Xcode 'outputs' to avoid re-running this script phase.\necho \"SUCCESS\" > \"${SCRIPT_OUTPUT_FILE_0}\"\n";
			showEnvVarsInLog = 0;
		};
		589D0B4BC7776329B392F843 /* [CP] Check Pods Manifest.lock */ = {
			isa = PBXShellScriptBuildPhase;
			buildActionMask = 2147483647;
			files = (
			);
			inputPaths = (
				"${PODS_PODFILE_DIR_PATH}/Podfile.lock",
				"${PODS_ROOT}/Manifest.lock",
			);
			name = "[CP] Check Pods Manifest.lock";
			outputPaths = (
				"$(DERIVED_FILE_DIR)/Pods-DeliveryDetailsTests-checkManifestLockResult.txt",
			);
			runOnlyForDeploymentPostprocessing = 0;
			shellPath = /bin/sh;
			shellScript = "diff \"${PODS_PODFILE_DIR_PATH}/Podfile.lock\" \"${PODS_ROOT}/Manifest.lock\" > /dev/null\nif [ $? != 0 ] ; then\n    # print error to STDERR\n    echo \"error: The sandbox is not in sync with the Podfile.lock. Run 'pod install' or update your CocoaPods installation.\" >&2\n    exit 1\nfi\n# This output is used by Xcode 'outputs' to avoid re-running this script phase.\necho \"SUCCESS\" > \"${SCRIPT_OUTPUT_FILE_0}\"\n";
			showEnvVarsInLog = 0;
		};
		99FA47E5BD405254540C1D4F /* [CP] Copy Pods Resources */ = {
			isa = PBXShellScriptBuildPhase;
			buildActionMask = 2147483647;
			files = (
			);
			inputPaths = (
			);
			name = "[CP] Copy Pods Resources";
			outputPaths = (
			);
			runOnlyForDeploymentPostprocessing = 0;
			shellPath = /bin/sh;
			shellScript = "\"${SRCROOT}/Pods/Target Support Files/Pods-DeliveryDetailsTests/Pods-DeliveryDetailsTests-resources.sh\"\n";
			showEnvVarsInLog = 0;
		};
		A88FDFA792AEA70BA3D4DB03 /* [CP] Embed Pods Frameworks */ = {
			isa = PBXShellScriptBuildPhase;
			buildActionMask = 2147483647;
			files = (
			);
			inputPaths = (
			);
			name = "[CP] Embed Pods Frameworks";
			outputPaths = (
			);
			runOnlyForDeploymentPostprocessing = 0;
			shellPath = /bin/sh;
			shellScript = "\"${SRCROOT}/Pods/Target Support Files/Pods-DeliveryDetailsUITests/Pods-DeliveryDetailsUITests-frameworks.sh\"\n";
			showEnvVarsInLog = 0;
		};
		C71EB4D0A9D5280B28E04DF7 /* [CP] Embed Pods Frameworks */ = {
			isa = PBXShellScriptBuildPhase;
			buildActionMask = 2147483647;
			files = (
			);
			inputPaths = (
				"${SRCROOT}/Pods/Target Support Files/Pods-DeliveryDetails/Pods-DeliveryDetails-frameworks.sh",
				"${BUILT_PRODUCTS_DIR}/Alamofire/Alamofire.framework",
			);
			name = "[CP] Embed Pods Frameworks";
			outputPaths = (
				"${TARGET_BUILD_DIR}/${FRAMEWORKS_FOLDER_PATH}/Alamofire.framework",
			);
			runOnlyForDeploymentPostprocessing = 0;
			shellPath = /bin/sh;
			shellScript = "\"${SRCROOT}/Pods/Target Support Files/Pods-DeliveryDetails/Pods-DeliveryDetails-frameworks.sh\"\n";
			showEnvVarsInLog = 0;
		};
		D0FE13CEDCD8527074BD8D39 /* [CP] Embed Pods Frameworks */ = {
			isa = PBXShellScriptBuildPhase;
			buildActionMask = 2147483647;
			files = (
			);
			inputPaths = (
			);
			name = "[CP] Embed Pods Frameworks";
			outputPaths = (
			);
			runOnlyForDeploymentPostprocessing = 0;
			shellPath = /bin/sh;
			shellScript = "\"${SRCROOT}/Pods/Target Support Files/Pods-DeliveryDetailsTests/Pods-DeliveryDetailsTests-frameworks.sh\"\n";
			showEnvVarsInLog = 0;
		};
		FDBD6139A12AEFDD20AA9827 /* [CP] Check Pods Manifest.lock */ = {
			isa = PBXShellScriptBuildPhase;
			buildActionMask = 2147483647;
			files = (
			);
			inputPaths = (
				"${PODS_PODFILE_DIR_PATH}/Podfile.lock",
				"${PODS_ROOT}/Manifest.lock",
			);
			name = "[CP] Check Pods Manifest.lock";
			outputPaths = (
				"$(DERIVED_FILE_DIR)/Pods-DeliveryDetailsUITests-checkManifestLockResult.txt",
			);
			runOnlyForDeploymentPostprocessing = 0;
			shellPath = /bin/sh;
			shellScript = "diff \"${PODS_PODFILE_DIR_PATH}/Podfile.lock\" \"${PODS_ROOT}/Manifest.lock\" > /dev/null\nif [ $? != 0 ] ; then\n    # print error to STDERR\n    echo \"error: The sandbox is not in sync with the Podfile.lock. Run 'pod install' or update your CocoaPods installation.\" >&2\n    exit 1\nfi\n# This output is used by Xcode 'outputs' to avoid re-running this script phase.\necho \"SUCCESS\" > \"${SCRIPT_OUTPUT_FILE_0}\"\n";
			showEnvVarsInLog = 0;
		};
/* End PBXShellScriptBuildPhase section */

/* Begin PBXSourcesBuildPhase section */
		26F35C7822226EB700FF82A2 /* Sources */ = {
			isa = PBXSourcesBuildPhase;
			buildActionMask = 2147483647;
			files = (
				26F35C8222226EB700FF82A2 /* ViewController.swift in Sources */,
				26F35C8022226EB700FF82A2 /* AppDelegate.swift in Sources */,
			);
			runOnlyForDeploymentPostprocessing = 0;
		};
		26F35C8C22226EB900FF82A2 /* Sources */ = {
			isa = PBXSourcesBuildPhase;
			buildActionMask = 2147483647;
			files = (
				26F35C9522226EB900FF82A2 /* DeliveryDetailsTests.swift in Sources */,
			);
			runOnlyForDeploymentPostprocessing = 0;
		};
		26F35C9722226EB900FF82A2 /* Sources */ = {
			isa = PBXSourcesBuildPhase;
			buildActionMask = 2147483647;
			files = (
				26F35CA022226EB900FF82A2 /* DeliveryDetailsUITests.swift in Sources */,
			);
			runOnlyForDeploymentPostprocessing = 0;
		};
/* End PBXSourcesBuildPhase section */

/* Begin PBXTargetDependency section */
		26F35C9222226EB900FF82A2 /* PBXTargetDependency */ = {
			isa = PBXTargetDependency;
			target = 26F35C7B22226EB700FF82A2 /* DeliveryDetails */;
			targetProxy = 26F35C9122226EB900FF82A2 /* PBXContainerItemProxy */;
		};
		26F35C9D22226EB900FF82A2 /* PBXTargetDependency */ = {
			isa = PBXTargetDependency;
			target = 26F35C7B22226EB700FF82A2 /* DeliveryDetails */;
			targetProxy = 26F35C9C22226EB900FF82A2 /* PBXContainerItemProxy */;
		};
/* End PBXTargetDependency section */

/* Begin PBXVariantGroup section */
		26F35C8322226EB700FF82A2 /* Main.storyboard */ = {
			isa = PBXVariantGroup;
			children = (
				26F35C8422226EB700FF82A2 /* Base */,
			);
			name = Main.storyboard;
			sourceTree = "<group>";
		};
		26F35C8822226EB900FF82A2 /* LaunchScreen.storyboard */ = {
			isa = PBXVariantGroup;
			children = (
				26F35C8922226EB900FF82A2 /* Base */,
			);
			name = LaunchScreen.storyboard;
			sourceTree = "<group>";
		};
/* End PBXVariantGroup section */

/* Begin XCBuildConfiguration section */
		26F35CA222226EB900FF82A2 /* Debug */ = {
			isa = XCBuildConfiguration;
			buildSettings = {
				ALWAYS_SEARCH_USER_PATHS = NO;
				CLANG_ANALYZER_NONNULL = YES;
				CLANG_ANALYZER_NUMBER_OBJECT_CONVERSION = YES_AGGRESSIVE;
				CLANG_CXX_LANGUAGE_STANDARD = "gnu++14";
				CLANG_CXX_LIBRARY = "libc++";
				CLANG_ENABLE_MODULES = YES;
				CLANG_ENABLE_OBJC_ARC = YES;
				CLANG_ENABLE_OBJC_WEAK = YES;
				CLANG_WARN_BLOCK_CAPTURE_AUTORELEASING = YES;
				CLANG_WARN_BOOL_CONVERSION = YES;
				CLANG_WARN_COMMA = YES;
				CLANG_WARN_CONSTANT_CONVERSION = YES;
				CLANG_WARN_DEPRECATED_OBJC_IMPLEMENTATIONS = YES;
				CLANG_WARN_DIRECT_OBJC_ISA_USAGE = YES_ERROR;
				CLANG_WARN_DOCUMENTATION_COMMENTS = YES;
				CLANG_WARN_EMPTY_BODY = YES;
				CLANG_WARN_ENUM_CONVERSION = YES;
				CLANG_WARN_INFINITE_RECURSION = YES;
				CLANG_WARN_INT_CONVERSION = YES;
				CLANG_WARN_NON_LITERAL_NULL_CONVERSION = YES;
				CLANG_WARN_OBJC_IMPLICIT_RETAIN_SELF = YES;
				CLANG_WARN_OBJC_LITERAL_CONVERSION = YES;
				CLANG_WARN_OBJC_ROOT_CLASS = YES_ERROR;
				CLANG_WARN_RANGE_LOOP_ANALYSIS = YES;
				CLANG_WARN_STRICT_PROTOTYPES = YES;
				CLANG_WARN_SUSPICIOUS_MOVE = YES;
				CLANG_WARN_UNGUARDED_AVAILABILITY = YES_AGGRESSIVE;
				CLANG_WARN_UNREACHABLE_CODE = YES;
				CLANG_WARN__DUPLICATE_METHOD_MATCH = YES;
				CODE_SIGN_IDENTITY = "iPhone Developer";
				COPY_PHASE_STRIP = NO;
				DEBUG_INFORMATION_FORMAT = dwarf;
				ENABLE_STRICT_OBJC_MSGSEND = YES;
				ENABLE_TESTABILITY = YES;
				GCC_C_LANGUAGE_STANDARD = gnu11;
				GCC_DYNAMIC_NO_PIC = NO;
				GCC_NO_COMMON_BLOCKS = YES;
				GCC_OPTIMIZATION_LEVEL = 0;
				GCC_PREPROCESSOR_DEFINITIONS = (
					"DEBUG=1",
					"$(inherited)",
				);
				GCC_WARN_64_TO_32_BIT_CONVERSION = YES;
				GCC_WARN_ABOUT_RETURN_TYPE = YES_ERROR;
				GCC_WARN_UNDECLARED_SELECTOR = YES;
				GCC_WARN_UNINITIALIZED_AUTOS = YES_AGGRESSIVE;
				GCC_WARN_UNUSED_FUNCTION = YES;
				GCC_WARN_UNUSED_VARIABLE = YES;
				IPHONEOS_DEPLOYMENT_TARGET = 12.0;
				MTL_ENABLE_DEBUG_INFO = INCLUDE_SOURCE;
				MTL_FAST_MATH = YES;
				ONLY_ACTIVE_ARCH = YES;
				SDKROOT = iphoneos;
				SWIFT_ACTIVE_COMPILATION_CONDITIONS = DEBUG;
				SWIFT_OPTIMIZATION_LEVEL = "-Onone";
			};
			name = Debug;
		};
		26F35CA322226EB900FF82A2 /* Release */ = {
			isa = XCBuildConfiguration;
			buildSettings = {
				ALWAYS_SEARCH_USER_PATHS = NO;
				CLANG_ANALYZER_NONNULL = YES;
				CLANG_ANALYZER_NUMBER_OBJECT_CONVERSION = YES_AGGRESSIVE;
				CLANG_CXX_LANGUAGE_STANDARD = "gnu++14";
				CLANG_CXX_LIBRARY = "libc++";
				CLANG_ENABLE_MODULES = YES;
				CLANG_ENABLE_OBJC_ARC = YES;
				CLANG_ENABLE_OBJC_WEAK = YES;
				CLANG_WARN_BLOCK_CAPTURE_AUTORELEASING = YES;
				CLANG_WARN_BOOL_CONVERSION = YES;
				CLANG_WARN_COMMA = YES;
				CLANG_WARN_CONSTANT_CONVERSION = YES;
				CLANG_WARN_DEPRECATED_OBJC_IMPLEMENTATIONS = YES;
				CLANG_WARN_DIRECT_OBJC_ISA_USAGE = YES_ERROR;
				CLANG_WARN_DOCUMENTATION_COMMENTS = YES;
				CLANG_WARN_EMPTY_BODY = YES;
				CLANG_WARN_ENUM_CONVERSION = YES;
				CLANG_WARN_INFINITE_RECURSION = YES;
				CLANG_WARN_INT_CONVERSION = YES;
				CLANG_WARN_NON_LITERAL_NULL_CONVERSION = YES;
				CLANG_WARN_OBJC_IMPLICIT_RETAIN_SELF = YES;
				CLANG_WARN_OBJC_LITERAL_CONVERSION = YES;
				CLANG_WARN_OBJC_ROOT_CLASS = YES_ERROR;
				CLANG_WARN_RANGE_LOOP_ANALYSIS = YES;
				CLANG_WARN_STRICT_PROTOTYPES = YES;
				CLANG_WARN_SUSPICIOUS_MOVE = YES;
				CLANG_WARN_UNGUARDED_AVAILABILITY = YES_AGGRESSIVE;
				CLANG_WARN_UNREACHABLE_CODE = YES;
				CLANG_WARN__DUPLICATE_METHOD_MATCH = YES;
				CODE_SIGN_IDENTITY = "iPhone Developer";
				COPY_PHASE_STRIP = NO;
				DEBUG_INFORMATION_FORMAT = "dwarf-with-dsym";
				ENABLE_NS_ASSERTIONS = NO;
				ENABLE_STRICT_OBJC_MSGSEND = YES;
				GCC_C_LANGUAGE_STANDARD = gnu11;
				GCC_NO_COMMON_BLOCKS = YES;
				GCC_WARN_64_TO_32_BIT_CONVERSION = YES;
				GCC_WARN_ABOUT_RETURN_TYPE = YES_ERROR;
				GCC_WARN_UNDECLARED_SELECTOR = YES;
				GCC_WARN_UNINITIALIZED_AUTOS = YES_AGGRESSIVE;
				GCC_WARN_UNUSED_FUNCTION = YES;
				GCC_WARN_UNUSED_VARIABLE = YES;
				IPHONEOS_DEPLOYMENT_TARGET = 12.0;
				MTL_ENABLE_DEBUG_INFO = NO;
				MTL_FAST_MATH = YES;
				SDKROOT = iphoneos;
				SWIFT_COMPILATION_MODE = wholemodule;
				SWIFT_OPTIMIZATION_LEVEL = "-O";
				VALIDATE_PRODUCT = YES;
			};
			name = Release;
		};
		26F35CA522226EB900FF82A2 /* Debug */ = {
			isa = XCBuildConfiguration;
			baseConfigurationReference = 6F00632859A6259FE902C806 /* Pods-DeliveryDetails.debug.xcconfig */;
			buildSettings = {
				ASSETCATALOG_COMPILER_APPICON_NAME = AppIcon;
				CODE_SIGN_STYLE = Automatic;
				DEVELOPMENT_TEAM = EU35ADVBRJ;
				INFOPLIST_FILE = DeliveryDetails/Info.plist;
				LD_RUNPATH_SEARCH_PATHS = "$(inherited) @executable_path/Frameworks";
				PRODUCT_BUNDLE_IDENTIFIER = com.me.block.DeliveryDetails;
				PRODUCT_NAME = "$(TARGET_NAME)";
				SWIFT_VERSION = 4.2;
				TARGETED_DEVICE_FAMILY = "1,2";
			};
			name = Debug;
		};
		26F35CA622226EB900FF82A2 /* Release */ = {
			isa = XCBuildConfiguration;
			baseConfigurationReference = FEE6D5637D4D0A92C1ED2CC4 /* Pods-DeliveryDetails.release.xcconfig */;
			buildSettings = {
				ASSETCATALOG_COMPILER_APPICON_NAME = AppIcon;
				CODE_SIGN_STYLE = Automatic;
				DEVELOPMENT_TEAM = EU35ADVBRJ;
				INFOPLIST_FILE = DeliveryDetails/Info.plist;
				LD_RUNPATH_SEARCH_PATHS = "$(inherited) @executable_path/Frameworks";
				PRODUCT_BUNDLE_IDENTIFIER = com.me.block.DeliveryDetails;
				PRODUCT_NAME = "$(TARGET_NAME)";
				SWIFT_VERSION = 4.2;
				TARGETED_DEVICE_FAMILY = "1,2";
			};
			name = Release;
		};
		26F35CA822226EB900FF82A2 /* Debug */ = {
			isa = XCBuildConfiguration;
			baseConfigurationReference = 0D475B239EDAC550DBAB3711 /* Pods-DeliveryDetailsTests.debug.xcconfig */;
			buildSettings = {
				ALWAYS_EMBED_SWIFT_STANDARD_LIBRARIES = YES;
				BUNDLE_LOADER = "$(TEST_HOST)";
				CODE_SIGN_STYLE = Automatic;
				DEVELOPMENT_TEAM = EU35ADVBRJ;
				INFOPLIST_FILE = DeliveryDetailsTests/Info.plist;
				LD_RUNPATH_SEARCH_PATHS = "$(inherited) @executable_path/Frameworks @loader_path/Frameworks";
				PRODUCT_BUNDLE_IDENTIFIER = com.me.block.DeliveryDetailsTests;
				PRODUCT_NAME = "$(TARGET_NAME)";
				SWIFT_VERSION = 4.2;
				TARGETED_DEVICE_FAMILY = "1,2";
				TEST_HOST = "$(BUILT_PRODUCTS_DIR)/DeliveryDetails.app/DeliveryDetails";
			};
			name = Debug;
		};
		26F35CA922226EB900FF82A2 /* Release */ = {
			isa = XCBuildConfiguration;
			baseConfigurationReference = DD075EE40584ED6F063D9E61 /* Pods-DeliveryDetailsTests.release.xcconfig */;
			buildSettings = {
				ALWAYS_EMBED_SWIFT_STANDARD_LIBRARIES = YES;
				BUNDLE_LOADER = "$(TEST_HOST)";
				CODE_SIGN_STYLE = Automatic;
				DEVELOPMENT_TEAM = EU35ADVBRJ;
				INFOPLIST_FILE = DeliveryDetailsTests/Info.plist;
				LD_RUNPATH_SEARCH_PATHS = "$(inherited) @executable_path/Frameworks @loader_path/Frameworks";
				PRODUCT_BUNDLE_IDENTIFIER = com.me.block.DeliveryDetailsTests;
				PRODUCT_NAME = "$(TARGET_NAME)";
				SWIFT_VERSION = 4.2;
				TARGETED_DEVICE_FAMILY = "1,2";
				TEST_HOST = "$(BUILT_PRODUCTS_DIR)/DeliveryDetails.app/DeliveryDetails";
			};
			name = Release;
		};
		26F35CAB22226EB900FF82A2 /* Debug */ = {
			isa = XCBuildConfiguration;
			baseConfigurationReference = F083610056BA49B14EA9ECE8 /* Pods-DeliveryDetailsUITests.debug.xcconfig */;
			buildSettings = {
				ALWAYS_EMBED_SWIFT_STANDARD_LIBRARIES = YES;
				CODE_SIGN_STYLE = Automatic;
				DEVELOPMENT_TEAM = EU35ADVBRJ;
				INFOPLIST_FILE = DeliveryDetailsUITests/Info.plist;
				LD_RUNPATH_SEARCH_PATHS = "$(inherited) @executable_path/Frameworks @loader_path/Frameworks";
				PRODUCT_BUNDLE_IDENTIFIER = com.me.block.DeliveryDetailsUITests;
				PRODUCT_NAME = "$(TARGET_NAME)";
				SWIFT_VERSION = 4.2;
				TARGETED_DEVICE_FAMILY = "1,2";
				TEST_TARGET_NAME = DeliveryDetails;
			};
			name = Debug;
		};
		26F35CAC22226EB900FF82A2 /* Release */ = {
			isa = XCBuildConfiguration;
			baseConfigurationReference = 47ED3BAA12804E2E5DF0D84D /* Pods-DeliveryDetailsUITests.release.xcconfig */;
			buildSettings = {
				ALWAYS_EMBED_SWIFT_STANDARD_LIBRARIES = YES;
				CODE_SIGN_STYLE = Automatic;
				DEVELOPMENT_TEAM = EU35ADVBRJ;
				INFOPLIST_FILE = DeliveryDetailsUITests/Info.plist;
				LD_RUNPATH_SEARCH_PATHS = "$(inherited) @executable_path/Frameworks @loader_path/Frameworks";
				PRODUCT_BUNDLE_IDENTIFIER = com.me.block.DeliveryDetailsUITests;
				PRODUCT_NAME = "$(TARGET_NAME)";
				SWIFT_VERSION = 4.2;
				TARGETED_DEVICE_FAMILY = "1,2";
				TEST_TARGET_NAME = DeliveryDetails;
			};
			name = Release;
		};
/* End XCBuildConfiguration section */

/* Begin XCConfigurationList section */
		26F35C7722226EB700FF82A2 /* Build configuration list for PBXProject "DeliveryDetails" */ = {
			isa = XCConfigurationList;
			buildConfigurations = (
				26F35CA222226EB900FF82A2 /* Debug */,
				26F35CA322226EB900FF82A2 /* Release */,
			);
			defaultConfigurationIsVisible = 0;
			defaultConfigurationName = Release;
		};
		26F35CA422226EB900FF82A2 /* Build configuration list for PBXNativeTarget "DeliveryDetails" */ = {
			isa = XCConfigurationList;
			buildConfigurations = (
				26F35CA522226EB900FF82A2 /* Debug */,
				26F35CA622226EB900FF82A2 /* Release */,
			);
			defaultConfigurationIsVisible = 0;
			defaultConfigurationName = Release;
		};
		26F35CA722226EB900FF82A2 /* Build configuration list for PBXNativeTarget "DeliveryDetailsTests" */ = {
			isa = XCConfigurationList;
			buildConfigurations = (
				26F35CA822226EB900FF82A2 /* Debug */,
				26F35CA922226EB900FF82A2 /* Release */,
			);
			defaultConfigurationIsVisible = 0;
			defaultConfigurationName = Release;
		};
		26F35CAA22226EB900FF82A2 /* Build configuration list for PBXNativeTarget "DeliveryDetailsUITests" */ = {
			isa = XCConfigurationList;
			buildConfigurations = (
				26F35CAB22226EB900FF82A2 /* Debug */,
				26F35CAC22226EB900FF82A2 /* Release */,
			);
			defaultConfigurationIsVisible = 0;
			defaultConfigurationName = Release;
		};
/* End XCConfigurationList section */
	};
	rootObject = 26F35C7422226EB700FF82A2 /* Project object */;
}
