// !$*UTF8*$!
{
	archiveVersion = 1;
	classes = {
	};
	objectVersion = 50;
	objects = {

/* Begin PBXBuildFile section */
		26F35C8022226EB700FF82A2 /* AppDelegate.swift in Sources */ = {isa = PBXBuildFile; fileRef = 26F35C7F22226EB700FF82A2 /* AppDelegate.swift */; };
		26F35C8222226EB700FF82A2 /* ViewController.swift in Sources */ = {isa = PBXBuildFile; fileRef = 26F35C8122226EB700FF82A2 /* ViewController.swift */; };
		26F35C8522226EB700FF82A2 /* Main.storyboard in Resources */ = {isa = PBXBuildFile; fileRef = 26F35C8322226EB700FF82A2 /* Main.storyboard */; };
		26F35C8722226EB900FF82A2 /* Assets.xcassets in Resources */ = {isa = PBXBuildFile; fileRef = 26F35C8622226EB900FF82A2 /* Assets.xcassets */; };
		26F35C8A22226EB900FF82A2 /* LaunchScreen.storyboard in Resources */ = {isa = PBXBuildFile; fileRef = 26F35C8822226EB900FF82A2 /* LaunchScreen.storyboard */; };
		26F35C9522226EB900FF82A2 /* DeliveryDetailsTests.swift in Sources */ = {isa = PBXBuildFile; fileRef = 26F35C9422226EB900FF82A2 /* DeliveryDetailsTests.swift */; };
		26F35CA022226EB900FF82A2 /* DeliveryDetailsUITests.swift in Sources */ = {isa = PBXBuildFile; fileRef = 26F35C9F22226EB900FF82A2 /* DeliveryDetailsUITests.swift */; };
/* End PBXBuildFile section */

/* Begin PBXContainerItemProxy section */
		26F35C9122226EB900FF82A2 /* PBXContainerItemProxy */ = {
			isa = PBXContainerItemProxy;
			containerPortal = 26F35C7422226EB700FF82A2 /* Project object */;
			proxyType = 1;
			remoteGlobalIDString = 26F35C7B22226EB700FF82A2;
			remoteInfo = DeliveryDetails;
		};
		26F35C9C22226EB900FF82A2 /* PBXContainerItemProxy */ = {
			isa = PBXContainerItemProxy;
			containerPortal = 26F35C7422226EB700FF82A2 /* Project object */;
			proxyType = 1;
			remoteGlobalIDString = 26F35C7B22226EB700FF82A2;
			remoteInfo = DeliveryDetails;
		};
/* End PBXContainerItemProxy section */

/* Begin PBXFileReference section */
		26F35C7C22226EB700FF82A2 /* DeliveryDetails.app */ = {isa = PBXFileReference; explicitFileType = wrapper.application; includeInIndex = 0; path = DeliveryDetails.app; sourceTree = BUILT_PRODUCTS_DIR; };
		26F35C7F22226EB700FF82A2 /* AppDelegate.swift */ = {isa = PBXFileReference; lastKnownFileType = sourcecode.swift; path = AppDelegate.swift; sourceTree = "<group>"; };
		26F35C8122226EB700FF82A2 /* ViewController.swift */ = {isa = PBXFileReference; lastKnownFileType = sourcecode.swift; path = ViewController.swift; sourceTree = "<group>"; };
		26F35C8422226EB700FF82A2 /* Base */ = {isa = PBXFileReference; lastKnownFileType = file.storyboard; name = Base; path = Base.lproj/Main.storyboard; sourceTree = "<group>"; };
		26F35C8622226EB900FF82A2 /* Assets.xcassets */ = {isa = PBXFileReference; lastKnownFileType = folder.assetcatalog; path = Assets.xcassets; sourceTree = "<group>"; };
		26F35C8922226EB900FF82A2 /* Base */ = {isa = PBXFileReference; lastKnownFileType = file.storyboard; name = Base; path = Base.lproj/LaunchScreen.storyboard; sourceTree = "<group>"; };
		26F35C8B22226EB900FF82A2 /* Info.plist */ = {isa = PBXFileReference; lastKnownFileType = text.plist.xml; path = Info.plist; sourceTree = "<group>"; };
		26F35C9022226EB900FF82A2 /* DeliveryDetailsTests.xctest */ = {isa = PBXFileReference; explicitFileType = wrapper.cfbundle; includeInIndex = 0; path = DeliveryDetailsTests.xctest; sourceTree = BUILT_PRODUCTS_DIR; };
		26F35C9422226EB900FF82A2 /* DeliveryDetailsTests.swift */ = {isa = PBXFileReference; lastKnownFileType = sourcecode.swift; path = DeliveryDetailsTests.swift; sourceTree = "<group>"; };
		26F35C9622226EB900FF82A2 /* Info.plist */ = {isa = PBXFileReference; lastKnownFileType = text.plist.xml; path = Info.plist; sourceTree = "<group>"; };
		26F35C9B22226EB900FF82A2 /* DeliveryDetailsUITests.xctest */ = {isa = PBXFileReference; explicitFileType = wrapper.cfbundle; includeInIndex = 0; path = DeliveryDetailsUITests.xctest; sourceTree = BUILT_PRODUCTS_DIR; };
		26F35C9F22226EB900FF82A2 /* DeliveryDetailsUITests.swift */ = {isa = PBXFileReference; lastKnownFileType = sourcecode.swift; path = DeliveryDetailsUITests.swift; sourceTree = "<group>"; };
		26F35CA122226EB900FF82A2 /* Info.plist */ = {isa = PBXFileReference; lastKnownFileType = text.plist.xml; path = Info.plist; sourceTree = "<group>"; };
/* End PBXFileReference section */

/* Begin PBXFrameworksBuildPhase section */
		26F35C7922226EB700FF82A2 /* Frameworks */ = {
			isa = PBXFrameworksBuildPhase;
			buildActionMask = 2147483647;
			files = (
			);
			runOnlyForDeploymentPostprocessing = 0;
		};
		26F35C8D22226EB900FF82A2 /* Frameworks */ = {
			isa = PBXFrameworksBuildPhase;
			buildActionMask = 2147483647;
			files = (
			);
			runOnlyForDeploymentPostprocessing = 0;
		};
		26F35C9822226EB900FF82A2 /* Frameworks */ = {
			isa = PBXFrameworksBuildPhase;
			buildActionMask = 2147483647;
			files = (
			);
			runOnlyForDeploymentPostprocessing = 0;
		};
/* End PBXFrameworksBuildPhase section */

/* Begin PBXGroup section */
		26F35C7322226EB700FF82A2 = {
			isa = PBXGroup;
			children = (
				26F35C7E22226EB700FF82A2 /* DeliveryDetails */,
				26F35C9322226EB900FF82A2 /* DeliveryDetailsTests */,
				26F35C9E22226EB900FF82A2 /* DeliveryDetailsUITests */,
				26F35C7D22226EB700FF82A2 /* Products */,
			);
			sourceTree = "<group>";
		};
		26F35C7D22226EB700FF82A2 /* Products */ = {
			isa = PBXGroup;
			children = (
				26F35C7C22226EB700FF82A2 /* DeliveryDetails.app */,
				26F35C9022226EB900FF82A2 /* DeliveryDetailsTests.xctest */,
				26F35C9B22226EB900FF82A2 /* DeliveryDetailsUITests.xctest */,
			);
			name = Products;
			sourceTree = "<group>";
		};
		26F35C7E22226EB700FF82A2 /* DeliveryDetails */ = {
			isa = PBXGroup;
			children = (
				26F35C7F22226EB700FF82A2 /* AppDelegate.swift */,
				26F35C8122226EB700FF82A2 /* ViewController.swift */,
				26F35C8322226EB700FF82A2 /* Main.storyboard */,
				26F35C8622226EB900FF82A2 /* Assets.xcassets */,
				26F35C8822226EB900FF82A2 /* LaunchScreen.storyboard */,
				26F35C8B22226EB900FF82A2 /* Info.plist */,
			);
			path = DeliveryDetails;
			sourceTree = "<group>";
		};
		26F35C9322226EB900FF82A2 /* DeliveryDetailsTests */ = {
			isa = PBXGroup;
			children = (
				26F35C9422226EB900FF82A2 /* DeliveryDetailsTests.swift */,
				26F35C9622226EB900FF82A2 /* Info.plist */,
			);
			path = DeliveryDetailsTests;
			sourceTree = "<group>";
		};
		26F35C9E22226EB900FF82A2 /* DeliveryDetailsUITests */ = {
			isa = PBXGroup;
			children = (
				26F35C9F22226EB900FF82A2 /* DeliveryDetailsUITests.swift */,
				26F35CA122226EB900FF82A2 /* Info.plist */,
			);
			path = DeliveryDetailsUITests;
			sourceTree = "<group>";
		};
/* End PBXGroup section */

/* Begin PBXNativeTarget section */
		26F35C7B22226EB700FF82A2 /* DeliveryDetails */ = {
			isa = PBXNativeTarget;
			buildConfigurationList = 26F35CA422226EB900FF82A2 /* Build configuration list for PBXNativeTarget "DeliveryDetails" */;
			buildPhases = (
				26F35C7822226EB700FF82A2 /* Sources */,
				26F35C7922226EB700FF82A2 /* Frameworks */,
				26F35C7A22226EB700FF82A2 /* Resources */,
			);
			buildRules = (
			);
			dependencies = (
			);
			name = DeliveryDetails;
			productName = DeliveryDetails;
			productReference = 26F35C7C22226EB700FF82A2 /* DeliveryDetails.app */;
			productType = "com.apple.product-type.application";
		};
		26F35C8F22226EB900FF82A2 /* DeliveryDetailsTests */ = {
			isa = PBXNativeTarget;
			buildConfigurationList = 26F35CA722226EB900FF82A2 /* Build configuration list for PBXNativeTarget "DeliveryDetailsTests" */;
			buildPhases = (
				26F35C8C22226EB900FF82A2 /* Sources */,
				26F35C8D22226EB900FF82A2 /* Frameworks */,
				26F35C8E22226EB900FF82A2 /* Resources */,
			);
			buildRules = (
			);
			dependencies = (
				26F35C9222226EB900FF82A2 /* PBXTargetDependency */,
			);
			name = DeliveryDetailsTests;
			productName = DeliveryDetailsTests;
			productReference = 26F35C9022226EB900FF82A2 /* DeliveryDetailsTests.xctest */;
			productType = "com.apple.product-type.bundle.unit-test";
		};
		26F35C9A22226EB900FF82A2 /* DeliveryDetailsUITests */ = {
			isa = PBXNativeTarget;
			buildConfigurationList = 26F35CAA22226EB900FF82A2 /* Build configuration list for PBXNativeTarget "DeliveryDetailsUITests" */;
			buildPhases = (
				26F35C9722226EB900FF82A2 /* Sources */,
				26F35C9822226EB900FF82A2 /* Frameworks */,
				26F35C9922226EB900FF82A2 /* Resources */,
			);
			buildRules = (
			);
			dependencies = (
				26F35C9D22226EB900FF82A2 /* PBXTargetDependency */,
			);
			name = DeliveryDetailsUITests;
			productName = DeliveryDetailsUITests;
			productReference = 26F35C9B22226EB900FF82A2 /* DeliveryDetailsUITests.xctest */;
			productType = "com.apple.product-type.bundle.ui-testing";
		};
/* End PBXNativeTarget section */

/* Begin PBXProject section */
		26F35C7422226EB700FF82A2 /* Project object */ = {
			isa = PBXProject;
			attributes = {
				LastSwiftUpdateCheck = 1000;
				LastUpgradeCheck = 1000;
				ORGANIZATIONNAME = "Aatish Molasi";
				TargetAttributes = {
					26F35C7B22226EB700FF82A2 = {
						CreatedOnToolsVersion = 10.0;
					};
					26F35C8F22226EB900FF82A2 = {
						CreatedOnToolsVersion = 10.0;
						TestTargetID = 26F35C7B22226EB700FF82A2;
					};
					26F35C9A22226EB900FF82A2 = {
						CreatedOnToolsVersion = 10.0;
						TestTargetID = 26F35C7B22226EB700FF82A2;
					};
				};
			};
			buildConfigurationList = 26F35C7722226EB700FF82A2 /* Build configuration list for PBXProject "DeliveryDetails" */;
			compatibilityVersion = "Xcode 9.3";
			developmentRegion = en;
			hasScannedForEncodings = 0;
			knownRegions = (
				en,
				Base,
			);
			mainGroup = 26F35C7322226EB700FF82A2;
			productRefGroup = 26F35C7D22226EB700FF82A2 /* Products */;
			projectDirPath = "";
			projectRoot = "";
			targets = (
				26F35C7B22226EB700FF82A2 /* DeliveryDetails */,
				26F35C8F22226EB900FF82A2 /* DeliveryDetailsTests */,
				26F35C9A22226EB900FF82A2 /* DeliveryDetailsUITests */,
			);
		};
/* End PBXProject section */

/* Begin PBXResourcesBuildPhase section */
		26F35C7A22226EB700FF82A2 /* Resources */ = {
			isa = PBXResourcesBuildPhase;
			buildActionMask = 2147483647;
			files = (
				26F35C8A22226EB900FF82A2 /* LaunchScreen.storyboard in Resources */,
				26F35C8722226EB900FF82A2 /* Assets.xcassets in Resources */,
				26F35C8522226EB700FF82A2 /* Main.storyboard in Resources */,
			);
			runOnlyForDeploymentPostprocessing = 0;
		};
		26F35C8E22226EB900FF82A2 /* Resources */ = {
			isa = PBXResourcesBuildPhase;
			buildActionMask = 2147483647;
			files = (
			);
			runOnlyForDeploymentPostprocessing = 0;
		};
		26F35C9922226EB900FF82A2 /* Resources */ = {
			isa = PBXResourcesBuildPhase;
			buildActionMask = 2147483647;
			files = (
			);
			runOnlyForDeploymentPostprocessing = 0;
		};
/* End PBXResourcesBuildPhase section */

/* Begin PBXSourcesBuildPhase section */
		26F35C7822226EB700FF82A2 /* Sources */ = {
			isa = PBXSourcesBuildPhase;
			buildActionMask = 2147483647;
			files = (
				26F35C8222226EB700FF82A2 /* ViewController.swift in Sources */,
				26F35C8022226EB700FF82A2 /* AppDelegate.swift in Sources */,
			);
			runOnlyForDeploymentPostprocessing = 0;
		};
		26F35C8C22226EB900FF82A2 /* Sources */ = {
			isa = PBXSourcesBuildPhase;
			buildActionMask = 2147483647;
			files = (
				26F35C9522226EB900FF82A2 /* DeliveryDetailsTests.swift in Sources */,
			);
			runOnlyForDeploymentPostprocessing = 0;
		};
		26F35C9722226EB900FF82A2 /* Sources */ = {
			isa = PBXSourcesBuildPhase;
			buildActionMask = 2147483647;
			files = (
				26F35CA022226EB900FF82A2 /* DeliveryDetailsUITests.swift in Sources */,
			);
			runOnlyForDeploymentPostprocessing = 0;
		};
/* End PBXSourcesBuildPhase section */

/* Begin PBXTargetDependency section */
		26F35C9222226EB900FF82A2 /* PBXTargetDependency */ = {
			isa = PBXTargetDependency;
			target = 26F35C7B22226EB700FF82A2 /* DeliveryDetails */;
			targetProxy = 26F35C9122226EB900FF82A2 /* PBXContainerItemProxy */;
		};
		26F35C9D22226EB900FF82A2 /* PBXTargetDependency */ = {
			isa = PBXTargetDependency;
			target = 26F35C7B22226EB700FF82A2 /* DeliveryDetails */;
			targetProxy = 26F35C9C22226EB900FF82A2 /* PBXContainerItemProxy */;
		};
/* End PBXTargetDependency section */

/* Begin PBXVariantGroup section */
		26F35C8322226EB700FF82A2 /* Main.storyboard */ = {
			isa = PBXVariantGroup;
			children = (
				26F35C8422226EB700FF82A2 /* Base */,
			);
			name = Main.storyboard;
			sourceTree = "<group>";
		};
		26F35C8822226EB900FF82A2 /* LaunchScreen.storyboard */ = {
			isa = PBXVariantGroup;
			children = (
				26F35C8922226EB900FF82A2 /* Base */,
			);
			name = LaunchScreen.storyboard;
			sourceTree = "<group>";
		};
/* End PBXVariantGroup section */

/* Begin XCBuildConfiguration section */
		26F35CA222226EB900FF82A2 /* Debug */ = {
			isa = XCBuildConfiguration;
			buildSettings = {
				ALWAYS_SEARCH_USER_PATHS = NO;
				CLANG_ANALYZER_NONNULL = YES;
				CLANG_ANALYZER_NUMBER_OBJECT_CONVERSION = YES_AGGRESSIVE;
				CLANG_CXX_LANGUAGE_STANDARD = "gnu++14";
				CLANG_CXX_LIBRARY = "libc++";
				CLANG_ENABLE_MODULES = YES;
				CLANG_ENABLE_OBJC_ARC = YES;
				CLANG_ENABLE_OBJC_WEAK = YES;
				CLANG_WARN_BLOCK_CAPTURE_AUTORELEASING = YES;
				CLANG_WARN_BOOL_CONVERSION = YES;
				CLANG_WARN_COMMA = YES;
				CLANG_WARN_CONSTANT_CONVERSION = YES;
				CLANG_WARN_DEPRECATED_OBJC_IMPLEMENTATIONS = YES;
				CLANG_WARN_DIRECT_OBJC_ISA_USAGE = YES_ERROR;
				CLANG_WARN_DOCUMENTATION_COMMENTS = YES;
				CLANG_WARN_EMPTY_BODY = YES;
				CLANG_WARN_ENUM_CONVERSION = YES;
				CLANG_WARN_INFINITE_RECURSION = YES;
				CLANG_WARN_INT_CONVERSION = YES;
				CLANG_WARN_NON_LITERAL_NULL_CONVERSION = YES;
				CLANG_WARN_OBJC_IMPLICIT_RETAIN_SELF = YES;
				CLANG_WARN_OBJC_LITERAL_CONVERSION = YES;
				CLANG_WARN_OBJC_ROOT_CLASS = YES_ERROR;
				CLANG_WARN_RANGE_LOOP_ANALYSIS = YES;
				CLANG_WARN_STRICT_PROTOTYPES = YES;
				CLANG_WARN_SUSPICIOUS_MOVE = YES;
				CLANG_WARN_UNGUARDED_AVAILABILITY = YES_AGGRESSIVE;
				CLANG_WARN_UNREACHABLE_CODE = YES;
				CLANG_WARN__DUPLICATE_METHOD_MATCH = YES;
				CODE_SIGN_IDENTITY = "iPhone Developer";
				COPY_PHASE_STRIP = NO;
				DEBUG_INFORMATION_FORMAT = dwarf;
				ENABLE_STRICT_OBJC_MSGSEND = YES;
				ENABLE_TESTABILITY = YES;
				GCC_C_LANGUAGE_STANDARD = gnu11;
				GCC_DYNAMIC_NO_PIC = NO;
				GCC_NO_COMMON_BLOCKS = YES;
				GCC_OPTIMIZATION_LEVEL = 0;
				GCC_PREPROCESSOR_DEFINITIONS = (
					"DEBUG=1",
					"$(inherited)",
				);
				GCC_WARN_64_TO_32_BIT_CONVERSION = YES;
				GCC_WARN_ABOUT_RETURN_TYPE = YES_ERROR;
				GCC_WARN_UNDECLARED_SELECTOR = YES;
				GCC_WARN_UNINITIALIZED_AUTOS = YES_AGGRESSIVE;
				GCC_WARN_UNUSED_FUNCTION = YES;
				GCC_WARN_UNUSED_VARIABLE = YES;
				IPHONEOS_DEPLOYMENT_TARGET = 12.0;
				MTL_ENABLE_DEBUG_INFO = INCLUDE_SOURCE;
				MTL_FAST_MATH = YES;
				ONLY_ACTIVE_ARCH = YES;
				SDKROOT = iphoneos;
				SWIFT_ACTIVE_COMPILATION_CONDITIONS = DEBUG;
				SWIFT_OPTIMIZATION_LEVEL = "-Onone";
			};
			name = Debug;
		};
		26F35CA322226EB900FF82A2 /* Release */ = {
			isa = XCBuildConfiguration;
			buildSettings = {
				ALWAYS_SEARCH_USER_PATHS = NO;
				CLANG_ANALYZER_NONNULL = YES;
				CLANG_ANALYZER_NUMBER_OBJECT_CONVERSION = YES_AGGRESSIVE;
				CLANG_CXX_LANGUAGE_STANDARD = "gnu++14";
				CLANG_CXX_LIBRARY = "libc++";
				CLANG_ENABLE_MODULES = YES;
				CLANG_ENABLE_OBJC_ARC = YES;
				CLANG_ENABLE_OBJC_WEAK = YES;
				CLANG_WARN_BLOCK_CAPTURE_AUTORELEASING = YES;
				CLANG_WARN_BOOL_CONVERSION = YES;
				CLANG_WARN_COMMA = YES;
				CLANG_WARN_CONSTANT_CONVERSION = YES;
				CLANG_WARN_DEPRECATED_OBJC_IMPLEMENTATIONS = YES;
				CLANG_WARN_DIRECT_OBJC_ISA_USAGE = YES_ERROR;
				CLANG_WARN_DOCUMENTATION_COMMENTS = YES;
				CLANG_WARN_EMPTY_BODY = YES;
				CLANG_WARN_ENUM_CONVERSION = YES;
				CLANG_WARN_INFINITE_RECURSION = YES;
				CLANG_WARN_INT_CONVERSION = YES;
				CLANG_WARN_NON_LITERAL_NULL_CONVERSION = YES;
				CLANG_WARN_OBJC_IMPLICIT_RETAIN_SELF = YES;
				CLANG_WARN_OBJC_LITERAL_CONVERSION = YES;
				CLANG_WARN_OBJC_ROOT_CLASS = YES_ERROR;
				CLANG_WARN_RANGE_LOOP_ANALYSIS = YES;
				CLANG_WARN_STRICT_PROTOTYPES = YES;
				CLANG_WARN_SUSPICIOUS_MOVE = YES;
				CLANG_WARN_UNGUARDED_AVAILABILITY = YES_AGGRESSIVE;
				CLANG_WARN_UNREACHABLE_CODE = YES;
				CLANG_WARN__DUPLICATE_METHOD_MATCH = YES;
				CODE_SIGN_IDENTITY = "iPhone Developer";
				COPY_PHASE_STRIP = NO;
				DEBUG_INFORMATION_FORMAT = "dwarf-with-dsym";
				ENABLE_NS_ASSERTIONS = NO;
				ENABLE_STRICT_OBJC_MSGSEND = YES;
				GCC_C_LANGUAGE_STANDARD = gnu11;
				GCC_NO_COMMON_BLOCKS = YES;
				GCC_WARN_64_TO_32_BIT_CONVERSION = YES;
				GCC_WARN_ABOUT_RETURN_TYPE = YES_ERROR;
				GCC_WARN_UNDECLARED_SELECTOR = YES;
				GCC_WARN_UNINITIALIZED_AUTOS = YES_AGGRESSIVE;
				GCC_WARN_UNUSED_FUNCTION = YES;
				GCC_WARN_UNUSED_VARIABLE = YES;
				IPHONEOS_DEPLOYMENT_TARGET = 12.0;
				MTL_ENABLE_DEBUG_INFO = NO;
				MTL_FAST_MATH = YES;
				SDKROOT = iphoneos;
				SWIFT_COMPILATION_MODE = wholemodule;
				SWIFT_OPTIMIZATION_LEVEL = "-O";
				VALIDATE_PRODUCT = YES;
			};
			name = Release;
		};
		26F35CA522226EB900FF82A2 /* Debug */ = {
			isa = XCBuildConfiguration;
			buildSettings = {
				ASSETCATALOG_COMPILER_APPICON_NAME = AppIcon;
				CODE_SIGN_STYLE = Automatic;
				DEVELOPMENT_TEAM = EU35ADVBRJ;
				INFOPLIST_FILE = DeliveryDetails/Info.plist;
				LD_RUNPATH_SEARCH_PATHS = (
					"$(inherited)",
					"@executable_path/Frameworks",
				);
				PRODUCT_BUNDLE_IDENTIFIER = com.me.block.DeliveryDetails;
				PRODUCT_NAME = "$(TARGET_NAME)";
				SWIFT_VERSION = 4.2;
				TARGETED_DEVICE_FAMILY = "1,2";
			};
			name = Debug;
		};
		26F35CA622226EB900FF82A2 /* Release */ = {
			isa = XCBuildConfiguration;
			buildSettings = {
				ASSETCATALOG_COMPILER_APPICON_NAME = AppIcon;
				CODE_SIGN_STYLE = Automatic;
				DEVELOPMENT_TEAM = EU35ADVBRJ;
				INFOPLIST_FILE = DeliveryDetails/Info.plist;
				LD_RUNPATH_SEARCH_PATHS = (
					"$(inherited)",
					"@executable_path/Frameworks",
				);
				PRODUCT_BUNDLE_IDENTIFIER = com.me.block.DeliveryDetails;
				PRODUCT_NAME = "$(TARGET_NAME)";
				SWIFT_VERSION = 4.2;
				TARGETED_DEVICE_FAMILY = "1,2";
			};
			name = Release;
		};
		26F35CA822226EB900FF82A2 /* Debug */ = {
			isa = XCBuildConfiguration;
			buildSettings = {
				ALWAYS_EMBED_SWIFT_STANDARD_LIBRARIES = YES;
				BUNDLE_LOADER = "$(TEST_HOST)";
				CODE_SIGN_STYLE = Automatic;
				DEVELOPMENT_TEAM = EU35ADVBRJ;
				INFOPLIST_FILE = DeliveryDetailsTests/Info.plist;
				LD_RUNPATH_SEARCH_PATHS = (
					"$(inherited)",
					"@executable_path/Frameworks",
					"@loader_path/Frameworks",
				);
				PRODUCT_BUNDLE_IDENTIFIER = com.me.block.DeliveryDetailsTests;
				PRODUCT_NAME = "$(TARGET_NAME)";
				SWIFT_VERSION = 4.2;
				TARGETED_DEVICE_FAMILY = "1,2";
				TEST_HOST = "$(BUILT_PRODUCTS_DIR)/DeliveryDetails.app/DeliveryDetails";
			};
			name = Debug;
		};
		26F35CA922226EB900FF82A2 /* Release */ = {
			isa = XCBuildConfiguration;
			buildSettings = {
				ALWAYS_EMBED_SWIFT_STANDARD_LIBRARIES = YES;
				BUNDLE_LOADER = "$(TEST_HOST)";
				CODE_SIGN_STYLE = Automatic;
				DEVELOPMENT_TEAM = EU35ADVBRJ;
				INFOPLIST_FILE = DeliveryDetailsTests/Info.plist;
				LD_RUNPATH_SEARCH_PATHS = (
					"$(inherited)",
					"@executable_path/Frameworks",
					"@loader_path/Frameworks",
				);
				PRODUCT_BUNDLE_IDENTIFIER = com.me.block.DeliveryDetailsTests;
				PRODUCT_NAME = "$(TARGET_NAME)";
				SWIFT_VERSION = 4.2;
				TARGETED_DEVICE_FAMILY = "1,2";
				TEST_HOST = "$(BUILT_PRODUCTS_DIR)/DeliveryDetails.app/DeliveryDetails";
			};
			name = Release;
		};
		26F35CAB22226EB900FF82A2 /* Debug */ = {
			isa = XCBuildConfiguration;
			buildSettings = {
				ALWAYS_EMBED_SWIFT_STANDARD_LIBRARIES = YES;
				CODE_SIGN_STYLE = Automatic;
				DEVELOPMENT_TEAM = EU35ADVBRJ;
				INFOPLIST_FILE = DeliveryDetailsUITests/Info.plist;
				LD_RUNPATH_SEARCH_PATHS = (
					"$(inherited)",
					"@executable_path/Frameworks",
					"@loader_path/Frameworks",
				);
				PRODUCT_BUNDLE_IDENTIFIER = com.me.block.DeliveryDetailsUITests;
				PRODUCT_NAME = "$(TARGET_NAME)";
				SWIFT_VERSION = 4.2;
				TARGETED_DEVICE_FAMILY = "1,2";
				TEST_TARGET_NAME = DeliveryDetails;
			};
			name = Debug;
		};
		26F35CAC22226EB900FF82A2 /* Release */ = {
			isa = XCBuildConfiguration;
			buildSettings = {
				ALWAYS_EMBED_SWIFT_STANDARD_LIBRARIES = YES;
				CODE_SIGN_STYLE = Automatic;
				DEVELOPMENT_TEAM = EU35ADVBRJ;
				INFOPLIST_FILE = DeliveryDetailsUITests/Info.plist;
				LD_RUNPATH_SEARCH_PATHS = (
					"$(inherited)",
					"@executable_path/Frameworks",
					"@loader_path/Frameworks",
				);
				PRODUCT_BUNDLE_IDENTIFIER = com.me.block.DeliveryDetailsUITests;
				PRODUCT_NAME = "$(TARGET_NAME)";
				SWIFT_VERSION = 4.2;
				TARGETED_DEVICE_FAMILY = "1,2";
				TEST_TARGET_NAME = DeliveryDetails;
			};
			name = Release;
		};
/* End XCBuildConfiguration section */

/* Begin XCConfigurationList section */
		26F35C7722226EB700FF82A2 /* Build configuration list for PBXProject "DeliveryDetails" */ = {
			isa = XCConfigurationList;
			buildConfigurations = (
				26F35CA222226EB900FF82A2 /* Debug */,
				26F35CA322226EB900FF82A2 /* Release */,
			);
			defaultConfigurationIsVisible = 0;
			defaultConfigurationName = Release;
		};
		26F35CA422226EB900FF82A2 /* Build configuration list for PBXNativeTarget "DeliveryDetails" */ = {
			isa = XCConfigurationList;
			buildConfigurations = (
				26F35CA522226EB900FF82A2 /* Debug */,
				26F35CA622226EB900FF82A2 /* Release */,
			);
			defaultConfigurationIsVisible = 0;
			defaultConfigurationName = Release;
		};
		26F35CA722226EB900FF82A2 /* Build configuration list for PBXNativeTarget "DeliveryDetailsTests" */ = {
			isa = XCConfigurationList;
			buildConfigurations = (
				26F35CA822226EB900FF82A2 /* Debug */,
				26F35CA922226EB900FF82A2 /* Release */,
			);
			defaultConfigurationIsVisible = 0;
			defaultConfigurationName = Release;
		};
		26F35CAA22226EB900FF82A2 /* Build configuration list for PBXNativeTarget "DeliveryDetailsUITests" */ = {
			isa = XCConfigurationList;
			buildConfigurations = (
				26F35CAB22226EB900FF82A2 /* Debug */,
				26F35CAC22226EB900FF82A2 /* Release */,
			);
			defaultConfigurationIsVisible = 0;
			defaultConfigurationName = Release;
		};
/* End XCConfigurationList section */
	};
	rootObject = 26F35C7422226EB700FF82A2 /* Project object */;
}
